
Microsoft Visual Studio Solution File, Format Version 12.00
# Visual Studio 15
VisualStudioVersion = 15.0.28307.136
MinimumVisualStudioVersion = 10.0.40219.1
Project("{FAE04EC0-301F-11D3-BF4B-00C04F79EFBC}") = "FunctionAppWithQueues", "FunctionAppWithQueues\FunctionAppWithQueues.csproj", "{05622908-5EFB-4028-BF9F-ED7E9B06CA80}"
EndProject
Global
	GlobalSection(SolutionConfigurationPlatforms) = preSolution
		Debug|Any CPU = Debug|Any CPU
		Release|Any CPU = Release|Any CPU
	EndGlobalSection
	GlobalSection(ProjectConfigurationPlatforms) = postSolution
		{05622908-5EFB-4028-BF9F-ED7E9B06CA80}.Debug|Any CPU.ActiveCfg = Debug|Any CPU
		{05622908-5EFB-4028-BF9F-ED7E9B06CA80}.Debug|Any CPU.Build.0 = Debug|Any CPU
		{05622908-5EFB-4028-BF9F-ED7E9B06CA80}.Release|Any CPU.ActiveCfg = Release|Any CPU
		{05622908-5EFB-4028-BF9F-ED7E9B06CA80}.Release|Any CPU.Build.0 = Release|Any CPU
	EndGlobalSection
	GlobalSection(SolutionProperties) = preSolution
		HideSolutionNode = FALSE
	EndGlobalSection
	GlobalSection(ExtensibilityGlobals) = postSolution
		SolutionGuid = {3A089A5B-88FF-4EA0-8594-1CE1F19D6014}
	EndGlobalSection
EndGlobal
